// !$*UTF8*$!
{
	archiveVersion = 1;
	classes = {
	};
	objectVersion = 46;
	objects = {

/* Begin PBXBuildFile section */
		7BA5D77B1B57DA86002AD116 /* AppDelegate.swift in Sources */ = {isa = PBXBuildFile; fileRef = 7BA5D77A1B57DA86002AD116 /* AppDelegate.swift */; };
		7BA5D77E1B57DA86002AD116 /* SeedDataTest2.xcdatamodeld in Sources */ = {isa = PBXBuildFile; fileRef = 7BA5D77C1B57DA86002AD116 /* SeedDataTest2.xcdatamodeld */; };
		7BA5D7801B57DA86002AD116 /* ViewController.swift in Sources */ = {isa = PBXBuildFile; fileRef = 7BA5D77F1B57DA86002AD116 /* ViewController.swift */; };
		7BA5D7831B57DA86002AD116 /* Main.storyboard in Resources */ = {isa = PBXBuildFile; fileRef = 7BA5D7811B57DA86002AD116 /* Main.storyboard */; };
		7BA5D7851B57DA86002AD116 /* Images.xcassets in Resources */ = {isa = PBXBuildFile; fileRef = 7BA5D7841B57DA86002AD116 /* Images.xcassets */; };
		7BA5D7881B57DA86002AD116 /* LaunchScreen.xib in Resources */ = {isa = PBXBuildFile; fileRef = 7BA5D7861B57DA86002AD116 /* LaunchScreen.xib */; };
		7BA5D7941B57DA87002AD116 /* SeedDataTest2Tests.swift in Sources */ = {isa = PBXBuildFile; fileRef = 7BA5D7931B57DA87002AD116 /* SeedDataTest2Tests.swift */; };
		7BA5D79E1B57DAE9002AD116 /* People.swift in Sources */ = {isa = PBXBuildFile; fileRef = 7BA5D79D1B57DAE9002AD116 /* People.swift */; };
		7BA5D7A01B57DB0B002AD116 /* MasterData.plist in Resources */ = {isa = PBXBuildFile; fileRef = 7BA5D79F1B57DB0B002AD116 /* MasterData.plist */; };
/* End PBXBuildFile section */

/* Begin PBXContainerItemProxy section */
		7BA5D78E1B57DA87002AD116 /* PBXContainerItemProxy */ = {
			isa = PBXContainerItemProxy;
			containerPortal = 7BA5D76D1B57DA86002AD116 /* Project object */;
			proxyType = 1;
			remoteGlobalIDString = 7BA5D7741B57DA86002AD116;
			remoteInfo = SeedDataTest2;
		};
/* End PBXContainerItemProxy section */

/* Begin PBXFileReference section */
		7BA5D7751B57DA86002AD116 /* SeedDataTest2.app */ = {isa = PBXFileReference; explicitFileType = wrapper.application; includeInIndex = 0; path = SeedDataTest2.app; sourceTree = BUILT_PRODUCTS_DIR; };
		7BA5D7791B57DA86002AD116 /* Info.plist */ = {isa = PBXFileReference; lastKnownFileType = text.plist.xml; path = Info.plist; sourceTree = "<group>"; };
		7BA5D77A1B57DA86002AD116 /* AppDelegate.swift */ = {isa = PBXFileReference; lastKnownFileType = sourcecode.swift; path = AppDelegate.swift; sourceTree = "<group>"; };
		7BA5D77D1B57DA86002AD116 /* SeedDataTest2.xcdatamodel */ = {isa = PBXFileReference; lastKnownFileType = wrapper.xcdatamodel; path = SeedDataTest2.xcdatamodel; sourceTree = "<group>"; };
		7BA5D77F1B57DA86002AD116 /* ViewController.swift */ = {isa = PBXFileReference; lastKnownFileType = sourcecode.swift; path = ViewController.swift; sourceTree = "<group>"; };
		7BA5D7821B57DA86002AD116 /* Base */ = {isa = PBXFileReference; lastKnownFileType = file.storyboard; name = Base; path = Base.lproj/Main.storyboard; sourceTree = "<group>"; };
		7BA5D7841B57DA86002AD116 /* Images.xcassets */ = {isa = PBXFileReference; lastKnownFileType = folder.assetcatalog; path = Images.xcassets; sourceTree = "<group>"; };
		7BA5D7871B57DA86002AD116 /* Base */ = {isa = PBXFileReference; lastKnownFileType = file.xib; name = Base; path = Base.lproj/LaunchScreen.xib; sourceTree = "<group>"; };
		7BA5D78D1B57DA87002AD116 /* SeedDataTest2Tests.xctest */ = {isa = PBXFileReference; explicitFileType = wrapper.cfbundle; includeInIndex = 0; path = SeedDataTest2Tests.xctest; sourceTree = BUILT_PRODUCTS_DIR; };
		7BA5D7921B57DA87002AD116 /* Info.plist */ = {isa = PBXFileReference; lastKnownFileType = text.plist.xml; path = Info.plist; sourceTree = "<group>"; };
		7BA5D7931B57DA87002AD116 /* SeedDataTest2Tests.swift */ = {isa = PBXFileReference; lastKnownFileType = sourcecode.swift; path = SeedDataTest2Tests.swift; sourceTree = "<group>"; };
		7BA5D79D1B57DAE9002AD116 /* People.swift */ = {isa = PBXFileReference; fileEncoding = 4; lastKnownFileType = sourcecode.swift; path = People.swift; sourceTree = "<group>"; };
		7BA5D79F1B57DB0B002AD116 /* MasterData.plist */ = {isa = PBXFileReference; fileEncoding = 4; lastKnownFileType = text.plist.xml; path = MasterData.plist; sourceTree = "<group>"; };
/* End PBXFileReference section */

/* Begin PBXFrameworksBuildPhase section */
		7BA5D7721B57DA86002AD116 /* Frameworks */ = {
			isa = PBXFrameworksBuildPhase;
			buildActionMask = 2147483647;
			files = (
			);
			runOnlyForDeploymentPostprocessing = 0;
		};
		7BA5D78A1B57DA87002AD116 /* Frameworks */ = {
			isa = PBXFrameworksBuildPhase;
			buildActionMask = 2147483647;
			files = (
			);
			runOnlyForDeploymentPostprocessing = 0;
		};
/* End PBXFrameworksBuildPhase section */

/* Begin PBXGroup section */
		7BA5D76C1B57DA86002AD116 = {
			isa = PBXGroup;
			children = (
				7BA5D7771B57DA86002AD116 /* SeedDataTest2 */,
				7BA5D7901B57DA87002AD116 /* SeedDataTest2Tests */,
				7BA5D7761B57DA86002AD116 /* Products */,
			);
			sourceTree = "<group>";
		};
		7BA5D7761B57DA86002AD116 /* Products */ = {
			isa = PBXGroup;
			children = (
				7BA5D7751B57DA86002AD116 /* SeedDataTest2.app */,
				7BA5D78D1B57DA87002AD116 /* SeedDataTest2Tests.xctest */,
			);
			name = Products;
			sourceTree = "<group>";
		};
		7BA5D7771B57DA86002AD116 /* SeedDataTest2 */ = {
			isa = PBXGroup;
			children = (
				7BA5D79D1B57DAE9002AD116 /* People.swift */,
				7BA5D77A1B57DA86002AD116 /* AppDelegate.swift */,
				7BA5D77F1B57DA86002AD116 /* ViewController.swift */,
				7BA5D7811B57DA86002AD116 /* Main.storyboard */,
				7BA5D7841B57DA86002AD116 /* Images.xcassets */,
				7BA5D7861B57DA86002AD116 /* LaunchScreen.xib */,
				7BA5D77C1B57DA86002AD116 /* SeedDataTest2.xcdatamodeld */,
				7BA5D7781B57DA86002AD116 /* Supporting Files */,
			);
			path = SeedDataTest2;
			sourceTree = "<group>";
		};
		7BA5D7781B57DA86002AD116 /* Supporting Files */ = {
			isa = PBXGroup;
			children = (
				7BA5D79F1B57DB0B002AD116 /* MasterData.plist */,
				7BA5D7791B57DA86002AD116 /* Info.plist */,
			);
			name = "Supporting Files";
			sourceTree = "<group>";
		};
		7BA5D7901B57DA87002AD116 /* SeedDataTest2Tests */ = {
			isa = PBXGroup;
			children = (
				7BA5D7931B57DA87002AD116 /* SeedDataTest2Tests.swift */,
				7BA5D7911B57DA87002AD116 /* Supporting Files */,
			);
			path = SeedDataTest2Tests;
			sourceTree = "<group>";
		};
		7BA5D7911B57DA87002AD116 /* Supporting Files */ = {
			isa = PBXGroup;
			children = (
				7BA5D7921B57DA87002AD116 /* Info.plist */,
			);
			name = "Supporting Files";
			sourceTree = "<group>";
		};
/* End PBXGroup section */

/* Begin PBXNativeTarget section */
		7BA5D7741B57DA86002AD116 /* SeedDataTest2 */ = {
			isa = PBXNativeTarget;
			buildConfigurationList = 7BA5D7971B57DA87002AD116 /* Build configuration list for PBXNativeTarget "SeedDataTest2" */;
			buildPhases = (
				7BA5D7711B57DA86002AD116 /* Sources */,
				7BA5D7721B57DA86002AD116 /* Frameworks */,
				7BA5D7731B57DA86002AD116 /* Resources */,
			);
			buildRules = (
			);
			dependencies = (
			);
			name = SeedDataTest2;
			productName = SeedDataTest2;
			productReference = 7BA5D7751B57DA86002AD116 /* SeedDataTest2.app */;
			productType = "com.apple.product-type.application";
		};
		7BA5D78C1B57DA87002AD116 /* SeedDataTest2Tests */ = {
			isa = PBXNativeTarget;
			buildConfigurationList = 7BA5D79A1B57DA87002AD116 /* Build configuration list for PBXNativeTarget "SeedDataTest2Tests" */;
			buildPhases = (
				7BA5D7891B57DA87002AD116 /* Sources */,
				7BA5D78A1B57DA87002AD116 /* Frameworks */,
				7BA5D78B1B57DA87002AD116 /* Resources */,
			);
			buildRules = (
			);
			dependencies = (
				7BA5D78F1B57DA87002AD116 /* PBXTargetDependency */,
			);
			name = SeedDataTest2Tests;
			productName = SeedDataTest2Tests;
			productReference = 7BA5D78D1B57DA87002AD116 /* SeedDataTest2Tests.xctest */;
			productType = "com.apple.product-type.bundle.unit-test";
		};
/* End PBXNativeTarget section */

/* Begin PBXProject section */
		7BA5D76D1B57DA86002AD116 /* Project object */ = {
			isa = PBXProject;
			attributes = {
				LastUpgradeCheck = 0640;
				ORGANIZATIONNAME = "Hajime Sakamoto";
				TargetAttributes = {
					7BA5D7741B57DA86002AD116 = {
						CreatedOnToolsVersion = 6.4;
					};
					7BA5D78C1B57DA87002AD116 = {
						CreatedOnToolsVersion = 6.4;
						TestTargetID = 7BA5D7741B57DA86002AD116;
					};
				};
			};
			buildConfigurationList = 7BA5D7701B57DA86002AD116 /* Build configuration list for PBXProject "SeedDataTest2" */;
			compatibilityVersion = "Xcode 3.2";
			developmentRegion = English;
			hasScannedForEncodings = 0;
			knownRegions = (
				en,
				Base,
			);
			mainGroup = 7BA5D76C1B57DA86002AD116;
			productRefGroup = 7BA5D7761B57DA86002AD116 /* Products */;
			projectDirPath = "";
			projectRoot = "";
			targets = (
				7BA5D7741B57DA86002AD116 /* SeedDataTest2 */,
				7BA5D78C1B57DA87002AD116 /* SeedDataTest2Tests */,
			);
		};
/* End PBXProject section */

/* Begin PBXResourcesBuildPhase section */
		7BA5D7731B57DA86002AD116 /* Resources */ = {
			isa = PBXResourcesBuildPhase;
			buildActionMask = 2147483647;
			files = (
				7BA5D7831B57DA86002AD116 /* Main.storyboard in Resources */,
				7BA5D7A01B57DB0B002AD116 /* MasterData.plist in Resources */,
				7BA5D7881B57DA86002AD116 /* LaunchScreen.xib in Resources */,
				7BA5D7851B57DA86002AD116 /* Images.xcassets in Resources */,
			);
			runOnlyForDeploymentPostprocessing = 0;
		};
		7BA5D78B1B57DA87002AD116 /* Resources */ = {
			isa = PBXResourcesBuildPhase;
			buildActionMask = 2147483647;
			files = (
			);
			runOnlyForDeploymentPostprocessing = 0;
		};
/* End PBXResourcesBuildPhase section */

/* Begin PBXSourcesBuildPhase section */
		7BA5D7711B57DA86002AD116 /* Sources */ = {
			isa = PBXSourcesBuildPhase;
			buildActionMask = 2147483647;
			files = (
				7BA5D79E1B57DAE9002AD116 /* People.swift in Sources */,
				7BA5D7801B57DA86002AD116 /* ViewController.swift in Sources */,
				7BA5D77B1B57DA86002AD116 /* AppDelegate.swift in Sources */,
				7BA5D77E1B57DA86002AD116 /* SeedDataTest2.xcdatamodeld in Sources */,
			);
			runOnlyForDeploymentPostprocessing = 0;
		};
		7BA5D7891B57DA87002AD116 /* Sources */ = {
			isa = PBXSourcesBuildPhase;
			buildActionMask = 2147483647;
			files = (
				7BA5D7941B57DA87002AD116 /* SeedDataTest2Tests.swift in Sources */,
			);
			runOnlyForDeploymentPostprocessing = 0;
		};
/* End PBXSourcesBuildPhase section */

/* Begin PBXTargetDependency section */
		7BA5D78F1B57DA87002AD116 /* PBXTargetDependency */ = {
			isa = PBXTargetDependency;
			target = 7BA5D7741B57DA86002AD116 /* SeedDataTest2 */;
			targetProxy = 7BA5D78E1B57DA87002AD116 /* PBXContainerItemProxy */;
		};
/* End PBXTargetDependency section */

/* Begin PBXVariantGroup section */
		7BA5D7811B57DA86002AD116 /* Main.storyboard */ = {
			isa = PBXVariantGroup;
			children = (
				7BA5D7821B57DA86002AD116 /* Base */,
			);
			name = Main.storyboard;
			sourceTree = "<group>";
		};
		7BA5D7861B57DA86002AD116 /* LaunchScreen.xib */ = {
			isa = PBXVariantGroup;
			children = (
				7BA5D7871B57DA86002AD116 /* Base */,
			);
			name = LaunchScreen.xib;
			sourceTree = "<group>";
		};
/* End PBXVariantGroup section */

/* Begin XCBuildConfiguration section */
		7BA5D7951B57DA87002AD116 /* Debug */ = {
			isa = XCBuildConfiguration;
			buildSettings = {
				ALWAYS_SEARCH_USER_PATHS = NO;
				CLANG_CXX_LANGUAGE_STANDARD = "gnu++0x";
				CLANG_CXX_LIBRARY = "libc++";
				CLANG_ENABLE_MODULES = YES;
				CLANG_ENABLE_OBJC_ARC = YES;
				CLANG_WARN_BOOL_CONVERSION = YES;
				CLANG_WARN_CONSTANT_CONVERSION = YES;
				CLANG_WARN_DIRECT_OBJC_ISA_USAGE = YES_ERROR;
				CLANG_WARN_EMPTY_BODY = YES;
				CLANG_WARN_ENUM_CONVERSION = YES;
				CLANG_WARN_INT_CONVERSION = YES;
				CLANG_WARN_OBJC_ROOT_CLASS = YES_ERROR;
				CLANG_WARN_UNREACHABLE_CODE = YES;
				CLANG_WARN__DUPLICATE_METHOD_MATCH = YES;
				"CODE_SIGN_IDENTITY[sdk=iphoneos*]" = "iPhone Developer";
				COPY_PHASE_STRIP = NO;
				DEBUG_INFORMATION_FORMAT = "dwarf-with-dsym";
				ENABLE_STRICT_OBJC_MSGSEND = YES;
				GCC_C_LANGUAGE_STANDARD = gnu99;
				GCC_DYNAMIC_NO_PIC = NO;
				GCC_NO_COMMON_BLOCKS = YES;
				GCC_OPTIMIZATION_LEVEL = 0;
				GCC_PREPROCESSOR_DEFINITIONS = (
					"DEBUG=1",
					"$(inherited)",
				);
				GCC_SYMBOLS_PRIVATE_EXTERN = NO;
				GCC_WARN_64_TO_32_BIT_CONVERSION = YES;
				GCC_WARN_ABOUT_RETURN_TYPE = YES_ERROR;
				GCC_WARN_UNDECLARED_SELECTOR = YES;
				GCC_WARN_UNINITIALIZED_AUTOS = YES_AGGRESSIVE;
				GCC_WARN_UNUSED_FUNCTION = YES;
				GCC_WARN_UNUSED_VARIABLE = YES;
				IPHONEOS_DEPLOYMENT_TARGET = 8.4;
				MTL_ENABLE_DEBUG_INFO = YES;
				ONLY_ACTIVE_ARCH = YES;
				SDKROOT = iphoneos;
				SWIFT_OPTIMIZATION_LEVEL = "-Onone";
			};
			name = Debug;
		};
		7BA5D7961B57DA87002AD116 /* Release */ = {
			isa = XCBuildConfiguration;
			buildSettings = {
				ALWAYS_SEARCH_USER_PATHS = NO;
				CLANG_CXX_LANGUAGE_STANDARD = "gnu++0x";
				CLANG_CXX_LIBRARY = "libc++";
				CLANG_ENABLE_MODULES = YES;
				CLANG_ENABLE_OBJC_ARC = YES;
				CLANG_WARN_BOOL_CONVERSION = YES;
				CLANG_WARN_CONSTANT_CONVERSION = YES;
				CLANG_WARN_DIRECT_OBJC_ISA_USAGE = YES_ERROR;
				CLANG_WARN_EMPTY_BODY = YES;
				CLANG_WARN_ENUM_CONVERSION = YES;
				CLANG_WARN_INT_CONVERSION = YES;
				CLANG_WARN_OBJC_ROOT_CLASS = YES_ERROR;
				CLANG_WARN_UNREACHABLE_CODE = YES;
				CLANG_WARN__DUPLICATE_METHOD_MATCH = YES;
				"CODE_SIGN_IDENTITY[sdk=iphoneos*]" = "iPhone Developer";
				COPY_PHASE_STRIP = NO;
				DEBUG_INFORMATION_FORMAT = "dwarf-with-dsym";
				ENABLE_NS_ASSERTIONS = NO;
				ENABLE_STRICT_OBJC_MSGSEND = YES;
				GCC_C_LANGUAGE_STANDARD = gnu99;
				GCC_NO_COMMON_BLOCKS = YES;
				GCC_WARN_64_TO_32_BIT_CONVERSION = YES;
				GCC_WARN_ABOUT_RETURN_TYPE = YES_ERROR;
				GCC_WARN_UNDECLARED_SELECTOR = YES;
				GCC_WARN_UNINITIALIZED_AUTOS = YES_AGGRESSIVE;
				GCC_WARN_UNUSED_FUNCTION = YES;
				GCC_WARN_UNUSED_VARIABLE = YES;
				IPHONEOS_DEPLOYMENT_TARGET = 8.4;
				MTL_ENABLE_DEBUG_INFO = NO;
				SDKROOT = iphoneos;
				VALIDATE_PRODUCT = YES;
			};
			name = Release;
		};
		7BA5D7981B57DA87002AD116 /* Debug */ = {
			isa = XCBuildConfiguration;
			buildSettings = {
				ASSETCATALOG_COMPILER_APPICON_NAME = AppIcon;
				INFOPLIST_FILE = SeedDataTest2/Info.plist;
				LD_RUNPATH_SEARCH_PATHS = "$(inherited) @executable_path/Frameworks";
				PRODUCT_NAME = "$(TARGET_NAME)";
			};
			name = Debug;
		};
		7BA5D7991B57DA87002AD116 /* Release */ = {
			isa = XCBuildConfiguration;
			buildSettings = {
				ASSETCATALOG_COMPILER_APPICON_NAME = AppIcon;
				INFOPLIST_FILE = SeedDataTest2/Info.plist;
				LD_RUNPATH_SEARCH_PATHS = "$(inherited) @executable_path/Frameworks";
				PRODUCT_NAME = "$(TARGET_NAME)";
			};
			name = Release;
		};
		7BA5D79B1B57DA87002AD116 /* Debug */ = {
			isa = XCBuildConfiguration;
			buildSettings = {
				BUNDLE_LOADER = "$(TEST_HOST)";
				FRAMEWORK_SEARCH_PATHS = (
					"$(SDKROOT)/Developer/Library/Frameworks",
					"$(inherited)",
				);
				GCC_PREPROCESSOR_DEFINITIONS = (
					"DEBUG=1",
					"$(inherited)",
				);
				INFOPLIST_FILE = SeedDataTest2Tests/Info.plist;
				LD_RUNPATH_SEARCH_PATHS = "$(inherited) @executable_path/Frameworks @loader_path/Frameworks";
				PRODUCT_NAME = "$(TARGET_NAME)";
				TEST_HOST = "$(BUILT_PRODUCTS_DIR)/SeedDataTest2.app/SeedDataTest2";
			};
			name = Debug;
		};
		7BA5D79C1B57DA87002AD116 /* Release */ = {
			isa = XCBuildConfiguration;
			buildSettings = {
				BUNDLE_LOADER = "$(TEST_HOST)";
				FRAMEWORK_SEARCH_PATHS = (
					"$(SDKROOT)/Developer/Library/Frameworks",
					"$(inherited)",
				);
				INFOPLIST_FILE = SeedDataTest2Tests/Info.plist;
				LD_RUNPATH_SEARCH_PATHS = "$(inherited) @executable_path/Frameworks @loader_path/Frameworks";
				PRODUCT_NAME = "$(TARGET_NAME)";
				TEST_HOST = "$(BUILT_PRODUCTS_DIR)/SeedDataTest2.app/SeedDataTest2";
			};
			name = Release;
		};
/* End XCBuildConfiguration section */

/* Begin XCConfigurationList section */
		7BA5D7701B57DA86002AD116 /* Build configuration list for PBXProject "SeedDataTest2" */ = {
			isa = XCConfigurationList;
			buildConfigurations = (
				7BA5D7951B57DA87002AD116 /* Debug */,
				7BA5D7961B57DA87002AD116 /* Release */,
			);
			defaultConfigurationIsVisible = 0;
			defaultConfigurationName = Release;
		};
		7BA5D7971B57DA87002AD116 /* Build configuration list for PBXNativeTarget "SeedDataTest2" */ = {
			isa = XCConfigurationList;
			buildConfigurations = (
				7BA5D7981B57DA87002AD116 /* Debug */,
				7BA5D7991B57DA87002AD116 /* Release */,
			);
			defaultConfigurationIsVisible = 0;
		};
		7BA5D79A1B57DA87002AD116 /* Build configuration list for PBXNativeTarget "SeedDataTest2Tests" */ = {
			isa = XCConfigurationList;
			buildConfigurations = (
				7BA5D79B1B57DA87002AD116 /* Debug */,
				7BA5D79C1B57DA87002AD116 /* Release */,
			);
			defaultConfigurationIsVisible = 0;
		};
/* End XCConfigurationList section */

/* Begin XCVersionGroup section */
		7BA5D77C1B57DA86002AD116 /* SeedDataTest2.xcdatamodeld */ = {
			isa = XCVersionGroup;
			children = (
				7BA5D77D1B57DA86002AD116 /* SeedDataTest2.xcdatamodel */,
			);
			currentVersion = 7BA5D77D1B57DA86002AD116 /* SeedDataTest2.xcdatamodel */;
			path = SeedDataTest2.xcdatamodeld;
			sourceTree = "<group>";
			versionGroupType = wrapper.xcdatamodel;
		};
/* End XCVersionGroup section */
	};
	rootObject = 7BA5D76D1B57DA86002AD116 /* Project object */;
}
